
Microsoft Visual Studio Solution File, Format Version 12.00
# Visual Studio Version 17
VisualStudioVersion = 17.8.34511.84
MinimumVisualStudioVersion = 10.0.40219.1
Project("{9A19103F-16F7-4668-BE54-9A1E7A4F7556}") = "WorkingWithEFCore", "WorkingWithEFCore\WorkingWithEFCore.csproj", "{5B0FC511-1B16-499E-985E-651B70B3AF58}"
EndProject
Project("{FAE04EC0-301F-11D3-BF4B-00C04F79EFBC}") = "NorthWindEntity", "NorthWindEntity\NorthWindEntity.csproj", "{3E6D19D7-8FAA-4DDC-9A74-5E9FCCF3CAC7}"
EndProject
Global
	GlobalSection(SolutionConfigurationPlatforms) = preSolution
		Debug|Any CPU = Debug|Any CPU
		Release|Any CPU = Release|Any CPU
	EndGlobalSection
	GlobalSection(ProjectConfigurationPlatforms) = postSolution
		{5B0FC511-1B16-499E-985E-651B70B3AF58}.Debug|Any CPU.ActiveCfg = Debug|Any CPU
		{5B0FC511-1B16-499E-985E-651B70B3AF58}.Debug|Any CPU.Build.0 = Debug|Any CPU
		{5B0FC511-1B16-499E-985E-651B70B3AF58}.Release|Any CPU.ActiveCfg = Release|Any CPU
		{5B0FC511-1B16-499E-985E-651B70B3AF58}.Release|Any CPU.Build.0 = Release|Any CPU
		{3E6D19D7-8FAA-4DDC-9A74-5E9FCCF3CAC7}.Debug|Any CPU.ActiveCfg = Debug|Any CPU
		{3E6D19D7-8FAA-4DDC-9A74-5E9FCCF3CAC7}.Debug|Any CPU.Build.0 = Debug|Any CPU
		{3E6D19D7-8FAA-4DDC-9A74-5E9FCCF3CAC7}.Release|Any CPU.ActiveCfg = Release|Any CPU
		{3E6D19D7-8FAA-4DDC-9A74-5E9FCCF3CAC7}.Release|Any CPU.Build.0 = Release|Any CPU
	EndGlobalSection
	GlobalSection(SolutionProperties) = preSolution
		HideSolutionNode = FALSE
	EndGlobalSection
	GlobalSection(ExtensibilityGlobals) = postSolution
		SolutionGuid = {20C895E7-EFE6-4BC6-884D-6C22C95CC7E6}
	EndGlobalSection
EndGlobal
