
Microsoft Visual Studio Solution File, Format Version 12.00
# Visual Studio Version 17
VisualStudioVersion = 17.8.34511.84
MinimumVisualStudioVersion = 10.0.40219.1
Project("{FAE04EC0-301F-11D3-BF4B-00C04F79EFBC}") = "HelloCS", "HelloCS\HelloCS.csproj", "{8825FEC0-1431-4FAE-A263-74D8ECD8F063}"
EndProject
Project("{FAE04EC0-301F-11D3-BF4B-00C04F79EFBC}") = "AboutMyEnvironment", "AboutMyEnvironment\AboutMyEnvironment.csproj", "{4DF56123-7874-491B-950C-20DB9AA9CF0A}"
EndProject
Global
	GlobalSection(SolutionConfigurationPlatforms) = preSolution
		Debug|Any CPU = Debug|Any CPU
		Release|Any CPU = Release|Any CPU
	EndGlobalSection
	GlobalSection(ProjectConfigurationPlatforms) = postSolution
		{8825FEC0-1431-4FAE-A263-74D8ECD8F063}.Debug|Any CPU.ActiveCfg = Debug|Any CPU
		{8825FEC0-1431-4FAE-A263-74D8ECD8F063}.Debug|Any CPU.Build.0 = Debug|Any CPU
		{8825FEC0-1431-4FAE-A263-74D8ECD8F063}.Release|Any CPU.ActiveCfg = Release|Any CPU
		{8825FEC0-1431-4FAE-A263-74D8ECD8F063}.Release|Any CPU.Build.0 = Release|Any CPU
		{4DF56123-7874-491B-950C-20DB9AA9CF0A}.Debug|Any CPU.ActiveCfg = Debug|Any CPU
		{4DF56123-7874-491B-950C-20DB9AA9CF0A}.Debug|Any CPU.Build.0 = Debug|Any CPU
		{4DF56123-7874-491B-950C-20DB9AA9CF0A}.Release|Any CPU.ActiveCfg = Release|Any CPU
		{4DF56123-7874-491B-950C-20DB9AA9CF0A}.Release|Any CPU.Build.0 = Release|Any CPU
	EndGlobalSection
	GlobalSection(SolutionProperties) = preSolution
		HideSolutionNode = FALSE
	EndGlobalSection
	GlobalSection(ExtensibilityGlobals) = postSolution
		SolutionGuid = {F670F114-2C2E-4419-B6B7-6533E86CFA84}
	EndGlobalSection
EndGlobal
