
Microsoft Visual Studio Solution File, Format Version 12.00
# Visual Studio Version 17
VisualStudioVersion = 17.9.34616.47
MinimumVisualStudioVersion = 10.0.40219.1
Project("{9A19103F-16F7-4668-BE54-9A1E7A4F7556}") = "PieProject", "PieProject\PieProject.csproj", "{C9CC1F84-ACE4-46F4-9CC9-752945FCE910}"
EndProject
Project("{FAE04EC0-301F-11D3-BF4B-00C04F79EFBC}") = "PieProjectTest", "PieProjectTest\PieProjectTest.csproj", "{34AE7D1D-7F25-45D0-A024-0F2F8B4D61E0}"
EndProject
Global
	GlobalSection(SolutionConfigurationPlatforms) = preSolution
		Debug|Any CPU = Debug|Any CPU
		Release|Any CPU = Release|Any CPU
	EndGlobalSection
	GlobalSection(ProjectConfigurationPlatforms) = postSolution
		{C9CC1F84-ACE4-46F4-9CC9-752945FCE910}.Debug|Any CPU.ActiveCfg = Debug|Any CPU
		{C9CC1F84-ACE4-46F4-9CC9-752945FCE910}.Debug|Any CPU.Build.0 = Debug|Any CPU
		{C9CC1F84-ACE4-46F4-9CC9-752945FCE910}.Release|Any CPU.ActiveCfg = Release|Any CPU
		{C9CC1F84-ACE4-46F4-9CC9-752945FCE910}.Release|Any CPU.Build.0 = Release|Any CPU
		{34AE7D1D-7F25-45D0-A024-0F2F8B4D61E0}.Debug|Any CPU.ActiveCfg = Debug|Any CPU
		{34AE7D1D-7F25-45D0-A024-0F2F8B4D61E0}.Debug|Any CPU.Build.0 = Debug|Any CPU
		{34AE7D1D-7F25-45D0-A024-0F2F8B4D61E0}.Release|Any CPU.ActiveCfg = Release|Any CPU
		{34AE7D1D-7F25-45D0-A024-0F2F8B4D61E0}.Release|Any CPU.Build.0 = Release|Any CPU
	EndGlobalSection
	GlobalSection(SolutionProperties) = preSolution
		HideSolutionNode = FALSE
	EndGlobalSection
	GlobalSection(ExtensibilityGlobals) = postSolution
		SolutionGuid = {7E287A4B-855A-4197-93D5-1610FF6DD885}
	EndGlobalSection
EndGlobal
